
Microsoft Visual Studio Solution File, Format Version 12.00
# Visual Studio Version 17
VisualStudioVersion = 17.11.35312.102
MinimumVisualStudioVersion = 10.0.40219.1
Project("{FAE04EC0-301F-11D3-BF4B-00C04F79EFBC}") = "Inversao de string", "Inversao de string\Inversao de string.csproj", "{080AD5B9-F2A4-4382-A22B-5E975AFBF562}"
EndProject
Global
	GlobalSection(SolutionConfigurationPlatforms) = preSolution
		Debug|Any CPU = Debug|Any CPU
		Release|Any CPU = Release|Any CPU
	EndGlobalSection
	GlobalSection(ProjectConfigurationPlatforms) = postSolution
		{080AD5B9-F2A4-4382-A22B-5E975AFBF562}.Debug|Any CPU.ActiveCfg = Debug|Any CPU
		{080AD5B9-F2A4-4382-A22B-5E975AFBF562}.Debug|Any CPU.Build.0 = Debug|Any CPU
		{080AD5B9-F2A4-4382-A22B-5E975AFBF562}.Release|Any CPU.ActiveCfg = Release|Any CPU
		{080AD5B9-F2A4-4382-A22B-5E975AFBF562}.Release|Any CPU.Build.0 = Release|Any CPU
	EndGlobalSection
	GlobalSection(SolutionProperties) = preSolution
		HideSolutionNode = FALSE
	EndGlobalSection
	GlobalSection(ExtensibilityGlobals) = postSolution
		SolutionGuid = {FE0002B8-5324-4D3E-9F19-76C4976BD804}
	EndGlobalSection
EndGlobal
